
Microsoft Visual Studio Solution File, Format Version 12.00
# Visual Studio 15
VisualStudioVersion = 15.0.27703.2000
MinimumVisualStudioVersion = 10.0.40219.1
Project("{FAE04EC0-301F-11D3-BF4B-00C04F79EFBC}") = "DatabaseBenchmarks", "DatabaseBenchmarks\DatabaseBenchmarks.csproj", "{9874DDD9-4FE7-4D32-86D0-8973EE7DC5A1}"
EndProject
Global
	GlobalSection(SolutionConfigurationPlatforms) = preSolution
		Debug|Any CPU = Debug|Any CPU
		Release|Any CPU = Release|Any CPU
	EndGlobalSection
	GlobalSection(ProjectConfigurationPlatforms) = postSolution
		{9874DDD9-4FE7-4D32-86D0-8973EE7DC5A1}.Debug|Any CPU.ActiveCfg = Debug|Any CPU
		{9874DDD9-4FE7-4D32-86D0-8973EE7DC5A1}.Debug|Any CPU.Build.0 = Debug|Any CPU
		{9874DDD9-4FE7-4D32-86D0-8973EE7DC5A1}.Release|Any CPU.ActiveCfg = Release|Any CPU
		{9874DDD9-4FE7-4D32-86D0-8973EE7DC5A1}.Release|Any CPU.Build.0 = Release|Any CPU
	EndGlobalSection
	GlobalSection(SolutionProperties) = preSolution
		HideSolutionNode = FALSE
	EndGlobalSection
	GlobalSection(ExtensibilityGlobals) = postSolution
		SolutionGuid = {4CA245CE-B31E-4561-A38E-F06A76936B9E}
	EndGlobalSection
EndGlobal
